<?xml version="1.0" encoding="utf-8"?>
<Project ToolsVersion="4.0" xmlns="http://schemas.microsoft.com/developer/msbuild/2003">
  <ItemGroup>
    <ClInclude Include="dummy.h" />
    <ClInclude Include="dummy_assets.h" />
    <ClInclude Include="dummy_defs.h" />
    <ClInclude Include="dummy_mat4.h" />
    <ClInclude Include="dummy_math.h" />
    <ClInclude Include="dummy_memory.h" />
    <ClInclude Include="dummy_opengl.h" />
    <ClInclude Include="dummy_physics.h" />
    <ClInclude Include="dummy_platform.h" />
    <ClInclude Include="dummy_quat.h" />
    <ClInclude Include="dummy_renderer.h" />
    <ClInclude Include="dummy_string.h" />
    <ClInclude Include="dummy_vec2.h" />
    <ClInclude Include="dummy_vec3.h" />
    <ClInclude Include="dummy_vec4.h" />
    <ClInclude Include="dummy_animation.h" />
    <ClInclude Include="dummy_random.h" />
    <ClInclude Include="dummy_container.h" />
    <ClInclude Include="dummy_input.h" />
    <ClInclude Include="dummy_collision.h" />
    <ClInclude Include="dummy_visibility.h" />
    <ClInclude Include="dummy_plane.h" />
    <ClInclude Include="dummy_job.h" />
    <ClInclude Include="dummy_spatial.h" />
    <ClInclude Include="dummy_audio.h" />
    <ClInclude Include="dummy_events.h" />
  </ItemGroup>
  <ItemGroup>
    <None Include="dummy_assets.cpp" />
    <None Include="dummy_debug.cpp" />
    <None Include="dummy_opengl.cpp" />
    <None Include="dummy_renderer.cpp" />
    <None Include="dummy_animation.cpp" />
    <None Include="dummy_collision.cpp" />
    <None Include="dummy_physics.cpp" />
    <None Include="dummy_process.cpp" />
    <None Include="dummy_visibility.cpp" />
    <None Include="dummy_text.cpp" />
    <None Include="dummy_animator.cpp" />
    <None Include="dummy_spatial.cpp" />
    <None Include="dummy_audio.cpp" />
    <None Include="dummy_events.cpp" />
  </ItemGroup>
  <ItemGroup>
    <ClCompile Include="dummy.cpp" />
  </ItemGroup>
</Project>