
Microsoft Visual Studio Solution File, Format Version 12.00
# Visual Studio Version 17
VisualStudioVersion = 17.2.32505.173
MinimumVisualStudioVersion = 10.0.40219.1
Project("{8BC9CEB8-8B4A-11D0-8D11-00A0C91BC942}") = "win32_dummy", "win32\win32_dummy.vcxproj", "{57F05420-EF25-454C-896B-B6E24339F1B8}"
	ProjectSection(ProjectDependencies) = postProject
		{8F312A3F-56C3-4B6C-916B-486F17C46BD4} = {8F312A3F-56C3-4B6C-916B-486F17C46BD4}
	EndProjectSection
EndProject
Project("{8BC9CEB8-8B4A-11D0-8D11-00A0C91BC942}") = "dummy", "dummy.vcxproj", "{8F312A3F-56C3-4B6C-916B-486F17C46BD4}"
EndProject
Project("{2150E333-8FDC-42A3-9474-1A3956D46DE8}") = "misc", "misc", "{1323D42F-8D97-4904-8973-05B0E90511FE}"
	ProjectSection(SolutionItems) = preProject
		..\misc\assimp_build.bat = ..\misc\assimp_build.bat
		..\misc\game_build.bat = ..\misc\game_build.bat
	EndProjectSection
EndProject
Project("{2150E333-8FDC-42A3-9474-1A3956D46DE8}") = "renderers", "renderers", "{3E191EB3-512A-46B4-A48B-DE0918E1FF94}"
EndProject
Project("{2150E333-8FDC-42A3-9474-1A3956D46DE8}") = "OpenGL", "OpenGL", "{68A7B3C9-664F-4610-813C-8954F4AAE036}"
EndProject
Project("{8BC9CEB8-8B4A-11D0-8D11-00A0C91BC942}") = "assets_builder", "assets_builder\assets_builder.vcxproj", "{0964849F-7896-4266-9242-BEAAAAF15CD5}"
EndProject
Project("{2150E333-8FDC-42A3-9474-1A3956D46DE8}") = "shaders", "shaders", "{01085C6A-6694-4A34-8EDD-211E6D4B9BBC}"
	ProjectSection(SolutionItems) = preProject
		renderers\OpenGL\shaders\empty.frag = renderers\OpenGL\shaders\empty.frag
		renderers\OpenGL\shaders\forward_shading.frag = renderers\OpenGL\shaders\forward_shading.frag
		renderers\OpenGL\shaders\forward_shading.vert = renderers\OpenGL\shaders\forward_shading.vert
		renderers\OpenGL\shaders\framebuffer.frag = renderers\OpenGL\shaders\framebuffer.frag
		renderers\OpenGL\shaders\framebuffer.vert = renderers\OpenGL\shaders\framebuffer.vert
		renderers\OpenGL\shaders\ground.frag = renderers\OpenGL\shaders\ground.frag
		renderers\OpenGL\shaders\ground.vert = renderers\OpenGL\shaders\ground.vert
		renderers\OpenGL\shaders\instanced_forward_shading.vert = renderers\OpenGL\shaders\instanced_forward_shading.vert
		renderers\OpenGL\shaders\simple.frag = renderers\OpenGL\shaders\simple.frag
		renderers\OpenGL\shaders\simple.vert = renderers\OpenGL\shaders\simple.vert
		renderers\OpenGL\shaders\skinned_mesh.vert = renderers\OpenGL\shaders\skinned_mesh.vert
	EndProjectSection
EndProject
Project("{2150E333-8FDC-42A3-9474-1A3956D46DE8}") = "common", "common", "{E838FA38-32E5-4E28-829C-93D44A18AF91}"
	ProjectSection(SolutionItems) = preProject
		renderers\OpenGL\shaders\common\blinn_phong.glsl = renderers\OpenGL\shaders\common\blinn_phong.glsl
		renderers\OpenGL\shaders\common\math.glsl = renderers\OpenGL\shaders\common\math.glsl
		renderers\OpenGL\shaders\common\uniform.glsl = renderers\OpenGL\shaders\common\uniform.glsl
		renderers\OpenGL\shaders\common\version.glsl = renderers\OpenGL\shaders\common\version.glsl
	EndProjectSection
EndProject
Project("{2150E333-8FDC-42A3-9474-1A3956D46DE8}") = "loader", "loader", "{A9456357-4F53-4C44-8676-3A1385DA7693}"
	ProjectSection(SolutionItems) = preProject
		renderers\OpenGL\loader\glad.c = renderers\OpenGL\loader\glad.c
		renderers\OpenGL\loader\glad.h = renderers\OpenGL\loader\glad.h
		renderers\OpenGL\loader\khrplatform.h = renderers\OpenGL\loader\khrplatform.h
		renderers\OpenGL\loader\wglext.h = renderers\OpenGL\loader\wglext.h
	EndProjectSection
EndProject
Project("{2150E333-8FDC-42A3-9474-1A3956D46DE8}") = "data", "data", "{DAE27684-7BAB-497C-AB9A-29D25073AE62}"
EndProject
Global
	GlobalSection(SolutionConfigurationPlatforms) = preSolution
		Debug|x64 = Debug|x64
		Release|x64 = Release|x64
	EndGlobalSection
	GlobalSection(ProjectConfigurationPlatforms) = postSolution
		{57F05420-EF25-454C-896B-B6E24339F1B8}.Debug|x64.ActiveCfg = Debug|x64
		{57F05420-EF25-454C-896B-B6E24339F1B8}.Debug|x64.Build.0 = Debug|x64
		{57F05420-EF25-454C-896B-B6E24339F1B8}.Release|x64.ActiveCfg = Release|x64
		{57F05420-EF25-454C-896B-B6E24339F1B8}.Release|x64.Build.0 = Release|x64
		{8F312A3F-56C3-4B6C-916B-486F17C46BD4}.Debug|x64.ActiveCfg = Debug|x64
		{8F312A3F-56C3-4B6C-916B-486F17C46BD4}.Debug|x64.Build.0 = Debug|x64
		{8F312A3F-56C3-4B6C-916B-486F17C46BD4}.Release|x64.ActiveCfg = Release|x64
		{8F312A3F-56C3-4B6C-916B-486F17C46BD4}.Release|x64.Build.0 = Release|x64
		{0964849F-7896-4266-9242-BEAAAAF15CD5}.Debug|x64.ActiveCfg = Debug|x64
		{0964849F-7896-4266-9242-BEAAAAF15CD5}.Debug|x64.Build.0 = Debug|x64
		{0964849F-7896-4266-9242-BEAAAAF15CD5}.Release|x64.ActiveCfg = Release|x64
		{0964849F-7896-4266-9242-BEAAAAF15CD5}.Release|x64.Build.0 = Release|x64
	EndGlobalSection
	GlobalSection(SolutionProperties) = preSolution
		HideSolutionNode = FALSE
	EndGlobalSection
	GlobalSection(NestedProjects) = preSolution
		{68A7B3C9-664F-4610-813C-8954F4AAE036} = {3E191EB3-512A-46B4-A48B-DE0918E1FF94}
		{01085C6A-6694-4A34-8EDD-211E6D4B9BBC} = {68A7B3C9-664F-4610-813C-8954F4AAE036}
		{E838FA38-32E5-4E28-829C-93D44A18AF91} = {01085C6A-6694-4A34-8EDD-211E6D4B9BBC}
		{A9456357-4F53-4C44-8676-3A1385DA7693} = {68A7B3C9-664F-4610-813C-8954F4AAE036}
	EndGlobalSection
	GlobalSection(ExtensibilityGlobals) = postSolution
		SolutionGuid = {3FF4CA08-A1FC-4054-A392-813D6849B305}
	EndGlobalSection
EndGlobal
