
Microsoft Visual Studio Solution File, Format Version 12.00
# Visual Studio Version 17
VisualStudioVersion = 17.2.32505.173
MinimumVisualStudioVersion = 10.0.40219.1
Project("{8BC9CEB8-8B4A-11D0-8D11-00A0C91BC942}") = "win32_dummy", "win32\win32_dummy.vcxproj", "{57F05420-EF25-454C-896B-B6E24339F1B8}"
	ProjectSection(ProjectDependencies) = postProject
		{8F312A3F-56C3-4B6C-916B-486F17C46BD4} = {8F312A3F-56C3-4B6C-916B-486F17C46BD4}
	EndProjectSection
EndProject
Project("{8BC9CEB8-8B4A-11D0-8D11-00A0C91BC942}") = "dummy", "dummy.vcxproj", "{8F312A3F-56C3-4B6C-916B-486F17C46BD4}"
EndProject
Project("{2150E333-8FDC-42A3-9474-1A3956D46DE8}") = "misc", "misc", "{1323D42F-8D97-4904-8973-05B0E90511FE}"
	ProjectSection(SolutionItems) = preProject
		..\misc\assimp_build.bat = ..\misc\assimp_build.bat
		..\misc\game_build.bat = ..\misc\game_build.bat
	EndProjectSection
EndProject
Project("{2150E333-8FDC-42A3-9474-1A3956D46DE8}") = "renderers", "renderers", "{3E191EB3-512A-46B4-A48B-DE0918E1FF94}"
EndProject
Project("{2150E333-8FDC-42A3-9474-1A3956D46DE8}") = "OpenGL", "OpenGL", "{68A7B3C9-664F-4610-813C-8954F4AAE036}"
	ProjectSection(SolutionItems) = preProject
		renderers\OpenGL\glad.c = renderers\OpenGL\glad.c
		renderers\OpenGL\glad.h = renderers\OpenGL\glad.h
		renderers\OpenGL\khrplatform.h = renderers\OpenGL\khrplatform.h
		renderers\OpenGL\wglext.h = renderers\OpenGL\wglext.h
	EndProjectSection
EndProject
Project("{8BC9CEB8-8B4A-11D0-8D11-00A0C91BC942}") = "assets_builder", "assets_builder\assets_builder.vcxproj", "{0964849F-7896-4266-9242-BEAAAAF15CD5}"
EndProject
Project("{2150E333-8FDC-42A3-9474-1A3956D46DE8}") = "shaders", "shaders", "{61A35A49-1A01-4708-9D0B-DBEC88DA6F49}"
EndProject
Project("{2150E333-8FDC-42A3-9474-1A3956D46DE8}") = "glsl", "glsl", "{CDE21B5E-2772-4FB8-8715-4FF426E86A72}"
	ProjectSection(SolutionItems) = preProject
		shaders\glsl\billboard.frag = shaders\glsl\billboard.frag
		shaders\glsl\billboard.geom = shaders\glsl\billboard.geom
		shaders\glsl\billboard.vert = shaders\glsl\billboard.vert
		shaders\glsl\color.frag = shaders\glsl\color.frag
		shaders\glsl\empty.frag = shaders\glsl\empty.frag
		shaders\glsl\framebuffer.frag = shaders\glsl\framebuffer.frag
		shaders\glsl\framebuffer.vert = shaders\glsl\framebuffer.vert
		shaders\glsl\grid.frag = shaders\glsl\grid.frag
		shaders\glsl\grid.vert = shaders\glsl\grid.vert
		shaders\glsl\mesh.vert = shaders\glsl\mesh.vert
		shaders\glsl\mesh_instanced.vert = shaders\glsl\mesh_instanced.vert
		shaders\glsl\particle.frag = shaders\glsl\particle.frag
		shaders\glsl\particle.geom = shaders\glsl\particle.geom
		shaders\glsl\particle.vert = shaders\glsl\particle.vert
		shaders\glsl\phong.frag = shaders\glsl\phong.frag
		shaders\glsl\simple.vert = shaders\glsl\simple.vert
		shaders\glsl\skinned_mesh.vert = shaders\glsl\skinned_mesh.vert
		shaders\glsl\skinned_mesh_instanced.vert = shaders\glsl\skinned_mesh_instanced.vert
		shaders\glsl\text.frag = shaders\glsl\text.frag
		shaders\glsl\text.geom = shaders\glsl\text.geom
		shaders\glsl\text.vert = shaders\glsl\text.vert
		shaders\glsl\textured_quad.frag = shaders\glsl\textured_quad.frag
		shaders\glsl\textured_quad.vert = shaders\glsl\textured_quad.vert
	EndProjectSection
EndProject
Project("{2150E333-8FDC-42A3-9474-1A3956D46DE8}") = "common", "common", "{C7E19F44-70AB-4088-BCCB-76E7375129B2}"
	ProjectSection(SolutionItems) = preProject
		shaders\glsl\common\constants.glsl = shaders\glsl\common\constants.glsl
		shaders\glsl\common\math.glsl = shaders\glsl\common\math.glsl
		shaders\glsl\common\phong.glsl = shaders\glsl\common\phong.glsl
		shaders\glsl\common\shadows.glsl = shaders\glsl\common\shadows.glsl
		shaders\glsl\common\uniform.glsl = shaders\glsl\common\uniform.glsl
		shaders\glsl\common\version.glsl = shaders\glsl\common\version.glsl
	EndProjectSection
EndProject
Global
	GlobalSection(SolutionConfigurationPlatforms) = preSolution
		Debug|x64 = Debug|x64
		Release|x64 = Release|x64
	EndGlobalSection
	GlobalSection(ProjectConfigurationPlatforms) = postSolution
		{57F05420-EF25-454C-896B-B6E24339F1B8}.Debug|x64.ActiveCfg = Debug|x64
		{57F05420-EF25-454C-896B-B6E24339F1B8}.Debug|x64.Build.0 = Debug|x64
		{57F05420-EF25-454C-896B-B6E24339F1B8}.Release|x64.ActiveCfg = Release|x64
		{57F05420-EF25-454C-896B-B6E24339F1B8}.Release|x64.Build.0 = Release|x64
		{8F312A3F-56C3-4B6C-916B-486F17C46BD4}.Debug|x64.ActiveCfg = Debug|x64
		{8F312A3F-56C3-4B6C-916B-486F17C46BD4}.Debug|x64.Build.0 = Debug|x64
		{8F312A3F-56C3-4B6C-916B-486F17C46BD4}.Release|x64.ActiveCfg = Release|x64
		{8F312A3F-56C3-4B6C-916B-486F17C46BD4}.Release|x64.Build.0 = Release|x64
		{0964849F-7896-4266-9242-BEAAAAF15CD5}.Debug|x64.ActiveCfg = Debug|x64
		{0964849F-7896-4266-9242-BEAAAAF15CD5}.Debug|x64.Build.0 = Debug|x64
		{0964849F-7896-4266-9242-BEAAAAF15CD5}.Release|x64.ActiveCfg = Release|x64
		{0964849F-7896-4266-9242-BEAAAAF15CD5}.Release|x64.Build.0 = Release|x64
	EndGlobalSection
	GlobalSection(SolutionProperties) = preSolution
		HideSolutionNode = FALSE
	EndGlobalSection
	GlobalSection(NestedProjects) = preSolution
		{68A7B3C9-664F-4610-813C-8954F4AAE036} = {3E191EB3-512A-46B4-A48B-DE0918E1FF94}
		{CDE21B5E-2772-4FB8-8715-4FF426E86A72} = {61A35A49-1A01-4708-9D0B-DBEC88DA6F49}
		{C7E19F44-70AB-4088-BCCB-76E7375129B2} = {CDE21B5E-2772-4FB8-8715-4FF426E86A72}
	EndGlobalSection
	GlobalSection(ExtensibilityGlobals) = postSolution
		SolutionGuid = {3FF4CA08-A1FC-4054-A392-813D6849B305}
	EndGlobalSection
EndGlobal
