
Microsoft Visual Studio Solution File, Format Version 12.00
# Visual Studio Version 16
VisualStudioVersion = 16.0.29609.76
MinimumVisualStudioVersion = 10.0.40219.1
Project("{8BC9CEB8-8B4A-11D0-8D11-00A0C91BC942}") = "win32_handmade", "win32\win32_handmade.vcxproj", "{57F05420-EF25-454C-896B-B6E24339F1B8}"
	ProjectSection(ProjectDependencies) = postProject
		{8F312A3F-56C3-4B6C-916B-486F17C46BD4} = {8F312A3F-56C3-4B6C-916B-486F17C46BD4}
	EndProjectSection
EndProject
Project("{8BC9CEB8-8B4A-11D0-8D11-00A0C91BC942}") = "handmade", "handmade.vcxproj", "{8F312A3F-56C3-4B6C-916B-486F17C46BD4}"
EndProject
Project("{2150E333-8FDC-42A3-9474-1A3956D46DE8}") = "misc", "misc", "{1323D42F-8D97-4904-8973-05B0E90511FE}"
	ProjectSection(SolutionItems) = preProject
		..\misc\assimp_build.bat = ..\misc\assimp_build.bat
		..\misc\game_build.bat = ..\misc\game_build.bat
	EndProjectSection
EndProject
Project("{2150E333-8FDC-42A3-9474-1A3956D46DE8}") = "renderers", "renderers", "{3E191EB3-512A-46B4-A48B-DE0918E1FF94}"
EndProject
Project("{2150E333-8FDC-42A3-9474-1A3956D46DE8}") = "OpenGL", "OpenGL", "{68A7B3C9-664F-4610-813C-8954F4AAE036}"
	ProjectSection(SolutionItems) = preProject
		renderers\OpenGL\wglext.h = renderers\OpenGL\wglext.h
	EndProjectSection
EndProject
Project("{2150E333-8FDC-42A3-9474-1A3956D46DE8}") = "glad", "glad", "{1A5F8808-61F9-4753-9608-C7ABE5CC337A}"
	ProjectSection(SolutionItems) = preProject
		renderers\OpenGL\glad\glad.c = renderers\OpenGL\glad\glad.c
		renderers\OpenGL\glad\glad.h = renderers\OpenGL\glad\glad.h
		renderers\OpenGL\glad\khrplatform.h = renderers\OpenGL\glad\khrplatform.h
	EndProjectSection
EndProject
Project("{8BC9CEB8-8B4A-11D0-8D11-00A0C91BC942}") = "assets_builder", "assets_builder\assets_builder.vcxproj", "{0964849F-7896-4266-9242-BEAAAAF15CD5}"
EndProject
Global
	GlobalSection(SolutionConfigurationPlatforms) = preSolution
		Debug|x64 = Debug|x64
		Debug|x86 = Debug|x86
		Release|x64 = Release|x64
		Release|x86 = Release|x86
	EndGlobalSection
	GlobalSection(ProjectConfigurationPlatforms) = postSolution
		{57F05420-EF25-454C-896B-B6E24339F1B8}.Debug|x64.ActiveCfg = Debug|x64
		{57F05420-EF25-454C-896B-B6E24339F1B8}.Debug|x64.Build.0 = Debug|x64
		{57F05420-EF25-454C-896B-B6E24339F1B8}.Debug|x86.ActiveCfg = Debug|Win32
		{57F05420-EF25-454C-896B-B6E24339F1B8}.Debug|x86.Build.0 = Debug|Win32
		{57F05420-EF25-454C-896B-B6E24339F1B8}.Release|x64.ActiveCfg = Release|x64
		{57F05420-EF25-454C-896B-B6E24339F1B8}.Release|x64.Build.0 = Release|x64
		{57F05420-EF25-454C-896B-B6E24339F1B8}.Release|x86.ActiveCfg = Release|Win32
		{57F05420-EF25-454C-896B-B6E24339F1B8}.Release|x86.Build.0 = Release|Win32
		{8F312A3F-56C3-4B6C-916B-486F17C46BD4}.Debug|x64.ActiveCfg = Debug|x64
		{8F312A3F-56C3-4B6C-916B-486F17C46BD4}.Debug|x64.Build.0 = Debug|x64
		{8F312A3F-56C3-4B6C-916B-486F17C46BD4}.Debug|x86.ActiveCfg = Debug|Win32
		{8F312A3F-56C3-4B6C-916B-486F17C46BD4}.Debug|x86.Build.0 = Debug|Win32
		{8F312A3F-56C3-4B6C-916B-486F17C46BD4}.Release|x64.ActiveCfg = Release|x64
		{8F312A3F-56C3-4B6C-916B-486F17C46BD4}.Release|x64.Build.0 = Release|x64
		{8F312A3F-56C3-4B6C-916B-486F17C46BD4}.Release|x86.ActiveCfg = Release|Win32
		{8F312A3F-56C3-4B6C-916B-486F17C46BD4}.Release|x86.Build.0 = Release|Win32
		{0964849F-7896-4266-9242-BEAAAAF15CD5}.Debug|x64.ActiveCfg = Debug|x64
		{0964849F-7896-4266-9242-BEAAAAF15CD5}.Debug|x64.Build.0 = Debug|x64
		{0964849F-7896-4266-9242-BEAAAAF15CD5}.Debug|x86.ActiveCfg = Debug|Win32
		{0964849F-7896-4266-9242-BEAAAAF15CD5}.Debug|x86.Build.0 = Debug|Win32
		{0964849F-7896-4266-9242-BEAAAAF15CD5}.Release|x64.ActiveCfg = Release|x64
		{0964849F-7896-4266-9242-BEAAAAF15CD5}.Release|x64.Build.0 = Release|x64
		{0964849F-7896-4266-9242-BEAAAAF15CD5}.Release|x86.ActiveCfg = Release|Win32
		{0964849F-7896-4266-9242-BEAAAAF15CD5}.Release|x86.Build.0 = Release|Win32
	EndGlobalSection
	GlobalSection(SolutionProperties) = preSolution
		HideSolutionNode = FALSE
	EndGlobalSection
	GlobalSection(NestedProjects) = preSolution
		{68A7B3C9-664F-4610-813C-8954F4AAE036} = {3E191EB3-512A-46B4-A48B-DE0918E1FF94}
		{1A5F8808-61F9-4753-9608-C7ABE5CC337A} = {68A7B3C9-664F-4610-813C-8954F4AAE036}
	EndGlobalSection
	GlobalSection(ExtensibilityGlobals) = postSolution
		SolutionGuid = {3FF4CA08-A1FC-4054-A392-813D6849B305}
	EndGlobalSection
EndGlobal
