<?xml version="1.0" encoding="utf-8"?>
<Project ToolsVersion="4.0" xmlns="http://schemas.microsoft.com/developer/msbuild/2003">
  <ItemGroup>
    <ClCompile Include="assets_builder.cpp" />
  </ItemGroup>
  <ItemGroup>
    <None Include="assets_fonts.cpp" />
    <None Include="assets_models.cpp" />
    <None Include="assets_audio.cpp" />
    <None Include="assets_textures.cpp" />
  </ItemGroup>
  <ItemGroup>
    <ClInclude Include="assets.h" />
  </ItemGroup>
</Project>